
Microsoft Visual Studio Solution File, Format Version 12.00
# Visual Studio Version 16
VisualStudioVersion = 16.0.28803.452
MinimumVisualStudioVersion = 10.0.40219.1
Project("{9A19103F-16F7-4668-BE54-9A1E7A4F7556}") = "ChessEngine", "ChessEngine\ChessEngine.csproj", "{3E922CEC-CBF5-4D70-B1D0-D56538B478D9}"
EndProject
Project("{FAE04EC0-301F-11D3-BF4B-00C04F79EFBC}") = "TestsChessEngine", "TestsChessEngine\TestsChessEngine.csproj", "{2EB1FFE7-D65B-4331-81CE-097498860CE0}"
EndProject
Global
	GlobalSection(SolutionConfigurationPlatforms) = preSolution
		Debug|Any CPU = Debug|Any CPU
		Release|Any CPU = Release|Any CPU
	EndGlobalSection
	GlobalSection(ProjectConfigurationPlatforms) = postSolution
		{3E922CEC-CBF5-4D70-B1D0-D56538B478D9}.Debug|Any CPU.ActiveCfg = Debug|Any CPU
		{3E922CEC-CBF5-4D70-B1D0-D56538B478D9}.Debug|Any CPU.Build.0 = Debug|Any CPU
		{3E922CEC-CBF5-4D70-B1D0-D56538B478D9}.Release|Any CPU.ActiveCfg = Release|Any CPU
		{3E922CEC-CBF5-4D70-B1D0-D56538B478D9}.Release|Any CPU.Build.0 = Release|Any CPU
		{2EB1FFE7-D65B-4331-81CE-097498860CE0}.Debug|Any CPU.ActiveCfg = Debug|Any CPU
		{2EB1FFE7-D65B-4331-81CE-097498860CE0}.Debug|Any CPU.Build.0 = Debug|Any CPU
		{2EB1FFE7-D65B-4331-81CE-097498860CE0}.Release|Any CPU.ActiveCfg = Release|Any CPU
		{2EB1FFE7-D65B-4331-81CE-097498860CE0}.Release|Any CPU.Build.0 = Release|Any CPU
	EndGlobalSection
	GlobalSection(SolutionProperties) = preSolution
		HideSolutionNode = FALSE
	EndGlobalSection
	GlobalSection(ExtensibilityGlobals) = postSolution
		SolutionGuid = {7B6B6E5A-410E-4C6C-B3EC-E47C9081AC87}
	EndGlobalSection
EndGlobal
